
Microsoft Visual Studio Solution File, Format Version 12.00
# Visual Studio 2013
VisualStudioVersion = 12.0.30723.0
MinimumVisualStudioVersion = 10.0.40219.1
Project("{FAE04EC0-301F-11D3-BF4B-00C04F79EFBC}") = "Canonical.WebApp", "Canonical.WebApp\Canonical.WebApp.csproj", "{4C4020AA-2F19-4359-8B3B-990C2225CEE9}"
EndProject
Project("{FAE04EC0-301F-11D3-BF4B-00C04F79EFBC}") = "Canonical.WebApp.Tests", "Canonical.WebApp.Tests\Canonical.WebApp.Tests.csproj", "{2982F998-21C1-468B-B09D-E1BAF0D93057}"
EndProject
Project("{FAE04EC0-301F-11D3-BF4B-00C04F79EFBC}") = "Canonical.Web.Mvc", "Canonical.Web.Mvc\Canonical.Web.Mvc.csproj", "{B8FD463A-F2CB-470C-98BA-FBDBB75B05B8}"
EndProject
Global
	GlobalSection(SolutionConfigurationPlatforms) = preSolution
		Debug|Any CPU = Debug|Any CPU
		Release|Any CPU = Release|Any CPU
	EndGlobalSection
	GlobalSection(ProjectConfigurationPlatforms) = postSolution
		{4C4020AA-2F19-4359-8B3B-990C2225CEE9}.Debug|Any CPU.ActiveCfg = Debug|Any CPU
		{4C4020AA-2F19-4359-8B3B-990C2225CEE9}.Debug|Any CPU.Build.0 = Debug|Any CPU
		{4C4020AA-2F19-4359-8B3B-990C2225CEE9}.Release|Any CPU.ActiveCfg = Release|Any CPU
		{4C4020AA-2F19-4359-8B3B-990C2225CEE9}.Release|Any CPU.Build.0 = Release|Any CPU
		{2982F998-21C1-468B-B09D-E1BAF0D93057}.Debug|Any CPU.ActiveCfg = Debug|Any CPU
		{2982F998-21C1-468B-B09D-E1BAF0D93057}.Debug|Any CPU.Build.0 = Debug|Any CPU
		{2982F998-21C1-468B-B09D-E1BAF0D93057}.Release|Any CPU.ActiveCfg = Release|Any CPU
		{2982F998-21C1-468B-B09D-E1BAF0D93057}.Release|Any CPU.Build.0 = Release|Any CPU
		{B8FD463A-F2CB-470C-98BA-FBDBB75B05B8}.Debug|Any CPU.ActiveCfg = Debug|Any CPU
		{B8FD463A-F2CB-470C-98BA-FBDBB75B05B8}.Debug|Any CPU.Build.0 = Debug|Any CPU
		{B8FD463A-F2CB-470C-98BA-FBDBB75B05B8}.Release|Any CPU.ActiveCfg = Release|Any CPU
		{B8FD463A-F2CB-470C-98BA-FBDBB75B05B8}.Release|Any CPU.Build.0 = Release|Any CPU
	EndGlobalSection
	GlobalSection(SolutionProperties) = preSolution
		HideSolutionNode = FALSE
	EndGlobalSection
EndGlobal
